
Microsoft Visual Studio Solution File, Format Version 12.00
# Visual Studio Version 17
VisualStudioVersion = 17.5.33627.172
MinimumVisualStudioVersion = 10.0.40219.1
Project("{FAE04EC0-301F-11D3-BF4B-00C04F79EFBC}") = "PalindromeNumber", "PalindromeNumber\PalindromeNumber.csproj", "{12CFA77E-F021-48AD-AC65-A90AE2219601}"
EndProject
Global
	GlobalSection(SolutionConfigurationPlatforms) = preSolution
		Debug|Any CPU = Debug|Any CPU
		Release|Any CPU = Release|Any CPU
	EndGlobalSection
	GlobalSection(ProjectConfigurationPlatforms) = postSolution
		{12CFA77E-F021-48AD-AC65-A90AE2219601}.Debug|Any CPU.ActiveCfg = Debug|Any CPU
		{12CFA77E-F021-48AD-AC65-A90AE2219601}.Debug|Any CPU.Build.0 = Debug|Any CPU
		{12CFA77E-F021-48AD-AC65-A90AE2219601}.Release|Any CPU.ActiveCfg = Release|Any CPU
		{12CFA77E-F021-48AD-AC65-A90AE2219601}.Release|Any CPU.Build.0 = Release|Any CPU
	EndGlobalSection
	GlobalSection(SolutionProperties) = preSolution
		HideSolutionNode = FALSE
	EndGlobalSection
	GlobalSection(ExtensibilityGlobals) = postSolution
		SolutionGuid = {53643CCD-05E7-4489-948E-78C64F572E93}
	EndGlobalSection
EndGlobal
