
Microsoft Visual Studio Solution File, Format Version 12.00
# Visual Studio Version 17
VisualStudioVersion = 17.5.33627.172
MinimumVisualStudioVersion = 10.0.40219.1
Project("{FAE04EC0-301F-11D3-BF4B-00C04F79EFBC}") = "Largest Common Prefix", "Largest Common Prefix\Largest Common Prefix.csproj", "{2720744B-2784-4A09-9FA9-31D7D874A410}"
EndProject
Global
	GlobalSection(SolutionConfigurationPlatforms) = preSolution
		Debug|Any CPU = Debug|Any CPU
		Release|Any CPU = Release|Any CPU
	EndGlobalSection
	GlobalSection(ProjectConfigurationPlatforms) = postSolution
		{2720744B-2784-4A09-9FA9-31D7D874A410}.Debug|Any CPU.ActiveCfg = Debug|Any CPU
		{2720744B-2784-4A09-9FA9-31D7D874A410}.Debug|Any CPU.Build.0 = Debug|Any CPU
		{2720744B-2784-4A09-9FA9-31D7D874A410}.Release|Any CPU.ActiveCfg = Release|Any CPU
		{2720744B-2784-4A09-9FA9-31D7D874A410}.Release|Any CPU.Build.0 = Release|Any CPU
	EndGlobalSection
	GlobalSection(SolutionProperties) = preSolution
		HideSolutionNode = FALSE
	EndGlobalSection
	GlobalSection(ExtensibilityGlobals) = postSolution
		SolutionGuid = {AA3C6546-3929-4235-A0CD-735D95A7053B}
	EndGlobalSection
EndGlobal
